{
  "pins" : [
    {
      "identity" : "apple-swiftpackage-kochavanetworking-xcframework",
      "kind" : "remoteSourceControl",
      "location" : "https://github.com/Kochava/Apple-SwiftPackage-KochavaNetworking-XCFramework",
      "state" : {
        "revision" : "e5d8ef7f90b9b6b05279daa469547f4b534836da",
        "version" : "8.1.0"
      }
    }
  ],
  "version" : 2
}
