{
  "pins" : [
    {
      "identity" : "apple-swiftpackage-kochavanetworking-xcframework",
      "kind" : "remoteSourceControl",
      "location" : "https://github.com/Kochava/Apple-SwiftPackage-KochavaNetworking-XCFramework",
      "state" : {
        "revision" : "848c1ae4b1ea32e065d4ed1e7aae85435d460dbb",
        "version" : "8.4.0"
      }
    }
  ],
  "version" : 2
}
