{
  "originHash" : "d69cb2de7912583b9ba4714d4b3d5e60d35f48494f2d12f5b4911f3d7702ac35",
  "pins" : [
    {
      "identity" : "apple-swiftpackage-kochavanetworking-xcframework",
      "kind" : "remoteSourceControl",
      "location" : "https://github.com/Kochava/Apple-SwiftPackage-KochavaNetworking-XCFramework",
      "state" : {
        "revision" : "ba8bf8a2d81155cecda4b81665844e28999f285c",
        "version" : "9.0.0"
      }
    }
  ],
  "version" : 3
}
